
Microsoft Visual Studio Solution File, Format Version 12.00
# Visual Studio Version 16
VisualStudioVersion = 16.0.29503.13
MinimumVisualStudioVersion = 10.0.40219.1
Project("{FAE04EC0-301F-11D3-BF4B-00C04F79EFBC}") = "Asynic", "MyExcercise\Asynic.csproj", "{8346C77A-9E1E-4883-B024-1DF8BC4E626F}"
EndProject
Global
	GlobalSection(SolutionConfigurationPlatforms) = preSolution
		Debug|Any CPU = Debug|Any CPU
		Release|Any CPU = Release|Any CPU
	EndGlobalSection
	GlobalSection(ProjectConfigurationPlatforms) = postSolution
		{8346C77A-9E1E-4883-B024-1DF8BC4E626F}.Debug|Any CPU.ActiveCfg = Debug|Any CPU
		{8346C77A-9E1E-4883-B024-1DF8BC4E626F}.Debug|Any CPU.Build.0 = Debug|Any CPU
		{8346C77A-9E1E-4883-B024-1DF8BC4E626F}.Release|Any CPU.ActiveCfg = Release|Any CPU
		{8346C77A-9E1E-4883-B024-1DF8BC4E626F}.Release|Any CPU.Build.0 = Release|Any CPU
	EndGlobalSection
	GlobalSection(SolutionProperties) = preSolution
		HideSolutionNode = FALSE
	EndGlobalSection
	GlobalSection(ExtensibilityGlobals) = postSolution
		SolutionGuid = {2AAF418C-E445-484A-A9F9-051D65F784FE}
	EndGlobalSection
EndGlobal
