
Microsoft Visual Studio Solution File, Format Version 12.00
# Visual Studio Version 16
VisualStudioVersion = 16.0.29503.13
MinimumVisualStudioVersion = 10.0.40219.1
Project("{FAE04EC0-301F-11D3-BF4B-00C04F79EFBC}") = "Asynic", "MyExcercise\Asynic.csproj", "{8346C77A-9E1E-4883-B024-1DF8BC4E626F}"
EndProject
Project("{FAE04EC0-301F-11D3-BF4B-00C04F79EFBC}") = "AsyncExampleWPF", "AsyncExampleWPF\AsyncExampleWPF.csproj", "{F0A90A93-733B-4806-8CBD-3413402F622F}"
EndProject
Project("{2150E333-8FDC-42A3-9474-1A3956D46DE8}") = "异步编程", "异步编程", "{2BD75F37-9061-4BD3-8FA8-67F287E89137}"
EndProject
Project("{2150E333-8FDC-42A3-9474-1A3956D46DE8}") = "官方", "官方", "{092CE173-BF91-4ADD-82FB-563D39847211}"
EndProject
Project("{2150E333-8FDC-42A3-9474-1A3956D46DE8}") = "总结", "总结", "{366ED714-64AB-48FD-AABF-0FA1B9412CBB}"
EndProject
Project("{2150E333-8FDC-42A3-9474-1A3956D46DE8}") = "例子", "例子", "{743B449A-E05A-41C7-A913-9FE7AF235C54}"
EndProject
Project("{FAE04EC0-301F-11D3-BF4B-00C04F79EFBC}") = "异步运行顺序", "Result\异步运行顺序.csproj", "{AD70B9BA-9970-4754-8C22-D8EE2935CCF6}"
EndProject
Project("{2150E333-8FDC-42A3-9474-1A3956D46DE8}") = "论坛例子", "论坛例子", "{95785026-AC0E-4CC7-A35A-1F44A4EB262E}"
EndProject
Project("{FAE04EC0-301F-11D3-BF4B-00C04F79EFBC}") = "WhatAwaitWait", "WhatAwaitWait\WhatAwaitWait.csproj", "{EE10ECFD-EF21-4384-B3F7-C06128AD04FD}"
EndProject
Project("{FAE04EC0-301F-11D3-BF4B-00C04F79EFBC}") = "ThreadSleepInTask", "ThreadSleepInTask\ThreadSleepInTask.csproj", "{41068A05-C428-43F6-B783-2A7056036676}"
EndProject
Project("{FAE04EC0-301F-11D3-BF4B-00C04F79EFBC}") = "AsyncExampleWPF2", "AsyncExampleWPF\AsyncExampleWPF2.csproj", "{8CFE9B20-FBE6-411C-A61F-440F8CBD4CCA}"
EndProject
Project("{2150E333-8FDC-42A3-9474-1A3956D46DE8}") = "NewFolder1", "NewFolder1", "{98290A2B-F9BA-4DD6-AFF1-0C12CEE458B4}"
EndProject
Project("{FAE04EC0-301F-11D3-BF4B-00C04F79EFBC}") = "wpf1", "wpf1\wpf1.csproj", "{857662B4-7A28-4BE4-968B-98F47A20B37B}"
EndProject
Project("{2150E333-8FDC-42A3-9474-1A3956D46DE8}") = "进程间通讯", "进程间通讯", "{E1590166-B7E8-4C82-A296-3487C5CE06DE}"
EndProject
Project("{2150E333-8FDC-42A3-9474-1A3956D46DE8}") = "共享内存", "共享内存", "{831EF78E-2B0C-4D1A-B425-24BB8BD7BB8F}"
EndProject
Project("{FAE04EC0-301F-11D3-BF4B-00C04F79EFBC}") = "WpfApp1", "WpfApp1\WpfApp1.csproj", "{1AB4A225-EEF3-4364-BB97-4FD087A4B7CC}"
EndProject
Project("{2150E333-8FDC-42A3-9474-1A3956D46DE8}") = "进程间同步的互斥体类", "进程间同步的互斥体类", "{86E153A2-F616-49F2-BDFF-A2C64E5A81E7}"
EndProject
Project("{2150E333-8FDC-42A3-9474-1A3956D46DE8}") = "MyDll", "MyDll", "{374EE14D-7108-4570-9D3A-4F97085BB5DA}"
EndProject
Global
	GlobalSection(SolutionConfigurationPlatforms) = preSolution
		Debug|Any CPU = Debug|Any CPU
		Release|Any CPU = Release|Any CPU
	EndGlobalSection
	GlobalSection(ProjectConfigurationPlatforms) = postSolution
		{8346C77A-9E1E-4883-B024-1DF8BC4E626F}.Debug|Any CPU.ActiveCfg = Debug|Any CPU
		{8346C77A-9E1E-4883-B024-1DF8BC4E626F}.Debug|Any CPU.Build.0 = Debug|Any CPU
		{8346C77A-9E1E-4883-B024-1DF8BC4E626F}.Release|Any CPU.ActiveCfg = Release|Any CPU
		{8346C77A-9E1E-4883-B024-1DF8BC4E626F}.Release|Any CPU.Build.0 = Release|Any CPU
		{F0A90A93-733B-4806-8CBD-3413402F622F}.Debug|Any CPU.ActiveCfg = Debug|Any CPU
		{F0A90A93-733B-4806-8CBD-3413402F622F}.Debug|Any CPU.Build.0 = Debug|Any CPU
		{F0A90A93-733B-4806-8CBD-3413402F622F}.Release|Any CPU.ActiveCfg = Release|Any CPU
		{F0A90A93-733B-4806-8CBD-3413402F622F}.Release|Any CPU.Build.0 = Release|Any CPU
		{AD70B9BA-9970-4754-8C22-D8EE2935CCF6}.Debug|Any CPU.ActiveCfg = Debug|Any CPU
		{AD70B9BA-9970-4754-8C22-D8EE2935CCF6}.Debug|Any CPU.Build.0 = Debug|Any CPU
		{AD70B9BA-9970-4754-8C22-D8EE2935CCF6}.Release|Any CPU.ActiveCfg = Release|Any CPU
		{AD70B9BA-9970-4754-8C22-D8EE2935CCF6}.Release|Any CPU.Build.0 = Release|Any CPU
		{EE10ECFD-EF21-4384-B3F7-C06128AD04FD}.Debug|Any CPU.ActiveCfg = Debug|Any CPU
		{EE10ECFD-EF21-4384-B3F7-C06128AD04FD}.Debug|Any CPU.Build.0 = Debug|Any CPU
		{EE10ECFD-EF21-4384-B3F7-C06128AD04FD}.Release|Any CPU.ActiveCfg = Release|Any CPU
		{EE10ECFD-EF21-4384-B3F7-C06128AD04FD}.Release|Any CPU.Build.0 = Release|Any CPU
		{41068A05-C428-43F6-B783-2A7056036676}.Debug|Any CPU.ActiveCfg = Debug|Any CPU
		{41068A05-C428-43F6-B783-2A7056036676}.Debug|Any CPU.Build.0 = Debug|Any CPU
		{41068A05-C428-43F6-B783-2A7056036676}.Release|Any CPU.ActiveCfg = Release|Any CPU
		{41068A05-C428-43F6-B783-2A7056036676}.Release|Any CPU.Build.0 = Release|Any CPU
		{8CFE9B20-FBE6-411C-A61F-440F8CBD4CCA}.Debug|Any CPU.ActiveCfg = Debug|Any CPU
		{8CFE9B20-FBE6-411C-A61F-440F8CBD4CCA}.Debug|Any CPU.Build.0 = Debug|Any CPU
		{8CFE9B20-FBE6-411C-A61F-440F8CBD4CCA}.Release|Any CPU.ActiveCfg = Release|Any CPU
		{8CFE9B20-FBE6-411C-A61F-440F8CBD4CCA}.Release|Any CPU.Build.0 = Release|Any CPU
		{857662B4-7A28-4BE4-968B-98F47A20B37B}.Debug|Any CPU.ActiveCfg = Debug|Any CPU
		{857662B4-7A28-4BE4-968B-98F47A20B37B}.Debug|Any CPU.Build.0 = Debug|Any CPU
		{857662B4-7A28-4BE4-968B-98F47A20B37B}.Release|Any CPU.ActiveCfg = Release|Any CPU
		{857662B4-7A28-4BE4-968B-98F47A20B37B}.Release|Any CPU.Build.0 = Release|Any CPU
		{1AB4A225-EEF3-4364-BB97-4FD087A4B7CC}.Debug|Any CPU.ActiveCfg = Debug|Any CPU
		{1AB4A225-EEF3-4364-BB97-4FD087A4B7CC}.Debug|Any CPU.Build.0 = Debug|Any CPU
		{1AB4A225-EEF3-4364-BB97-4FD087A4B7CC}.Release|Any CPU.ActiveCfg = Release|Any CPU
		{1AB4A225-EEF3-4364-BB97-4FD087A4B7CC}.Release|Any CPU.Build.0 = Release|Any CPU
	EndGlobalSection
	GlobalSection(SolutionProperties) = preSolution
		HideSolutionNode = FALSE
	EndGlobalSection
	GlobalSection(NestedProjects) = preSolution
		{8346C77A-9E1E-4883-B024-1DF8BC4E626F} = {092CE173-BF91-4ADD-82FB-563D39847211}
		{F0A90A93-733B-4806-8CBD-3413402F622F} = {743B449A-E05A-41C7-A913-9FE7AF235C54}
		{092CE173-BF91-4ADD-82FB-563D39847211} = {2BD75F37-9061-4BD3-8FA8-67F287E89137}
		{366ED714-64AB-48FD-AABF-0FA1B9412CBB} = {2BD75F37-9061-4BD3-8FA8-67F287E89137}
		{743B449A-E05A-41C7-A913-9FE7AF235C54} = {092CE173-BF91-4ADD-82FB-563D39847211}
		{AD70B9BA-9970-4754-8C22-D8EE2935CCF6} = {366ED714-64AB-48FD-AABF-0FA1B9412CBB}
		{95785026-AC0E-4CC7-A35A-1F44A4EB262E} = {2BD75F37-9061-4BD3-8FA8-67F287E89137}
		{EE10ECFD-EF21-4384-B3F7-C06128AD04FD} = {95785026-AC0E-4CC7-A35A-1F44A4EB262E}
		{41068A05-C428-43F6-B783-2A7056036676} = {95785026-AC0E-4CC7-A35A-1F44A4EB262E}
		{8CFE9B20-FBE6-411C-A61F-440F8CBD4CCA} = {743B449A-E05A-41C7-A913-9FE7AF235C54}
		{98290A2B-F9BA-4DD6-AFF1-0C12CEE458B4} = {366ED714-64AB-48FD-AABF-0FA1B9412CBB}
		{857662B4-7A28-4BE4-968B-98F47A20B37B} = {366ED714-64AB-48FD-AABF-0FA1B9412CBB}
		{831EF78E-2B0C-4D1A-B425-24BB8BD7BB8F} = {E1590166-B7E8-4C82-A296-3487C5CE06DE}
		{1AB4A225-EEF3-4364-BB97-4FD087A4B7CC} = {831EF78E-2B0C-4D1A-B425-24BB8BD7BB8F}
		{86E153A2-F616-49F2-BDFF-A2C64E5A81E7} = {E1590166-B7E8-4C82-A296-3487C5CE06DE}
	EndGlobalSection
	GlobalSection(ExtensibilityGlobals) = postSolution
		SolutionGuid = {2AAF418C-E445-484A-A9F9-051D65F784FE}
	EndGlobalSection
EndGlobal
